{
  "version": "3",
  "packages": {
    "specifiers": {
      "jsr:@hono/hono@^4.5.3": "jsr:@hono/hono@4.5.3",
      "npm:create-hono": "npm:create-hono@0.11.0"
    },
    "jsr": {
      "@hono/hono@4.5.3": {
        "integrity": "429923b2b3c6586a1450862328d61a1346fee5841e8ae86c494250475057213c"
      }
    },
    "npm": {
      "create-hono@0.11.0": {
        "integrity": "sha512-JbWkO/3NqMC5qGXwpo6WnoA4Cwtl0QO+4VPYPCkXCM0StIuVaFrRYQ2VXvtMpyXdQQGU9/EGz1ZVh8UGLu+2Vw==",
        "dependencies": {}
      }
    }
  },
  "remote": {
    "https://deno.land/std@0.122.0/_util/assert.ts": "2f868145a042a11d5ad0a3c748dcf580add8a0dbc0e876eaa0026303a5488f58",
    "https://deno.land/std@0.122.0/_util/os.ts": "dfb186cc4e968c770ab6cc3288bd65f4871be03b93beecae57d657232ecffcac",
    "https://deno.land/std@0.122.0/path/_constants.ts": "1247fee4a79b70c89f23499691ef169b41b6ccf01887a0abd131009c5581b853",
    "https://deno.land/std@0.122.0/path/_interface.ts": "1fa73b02aaa24867e481a48492b44f2598cd9dfa513c7b34001437007d3642e4",
    "https://deno.land/std@0.122.0/path/_util.ts": "2e06a3b9e79beaf62687196bd4b60a4c391d862cfa007a20fc3a39f778ba073b",
    "https://deno.land/std@0.122.0/path/common.ts": "f41a38a0719a1e85aa11c6ba3bea5e37c15dd009d705bd8873f94c833568cbc4",
    "https://deno.land/std@0.122.0/path/glob.ts": "7bf2349e818e332a830f3d8874c3f45dd7580b6c742ed50dbf6282d84ab18405",
    "https://deno.land/std@0.122.0/path/mod.ts": "4465dc494f271b02569edbb4a18d727063b5dbd6ed84283ff906260970a15d12",
    "https://deno.land/std@0.122.0/path/posix.ts": "34349174b9cd121625a2810837a82dd8b986bbaaad5ade690d1de75bbb4555b2",
    "https://deno.land/std@0.122.0/path/separator.ts": "8fdcf289b1b76fd726a508f57d3370ca029ae6976fcde5044007f062e643ff1c",
    "https://deno.land/std@0.122.0/path/win32.ts": "11549e8c6df8307a8efcfa47ad7b2a75da743eac7d4c89c9723a944661c8bd2e",
    "https://deno.land/std@0.213.0/dotenv/mod.ts": "46cc7a78cf3f7ba533c8c9b90407a365f925be332ebdc867a1f502614e3d8523",
    "https://deno.land/std@0.213.0/dotenv/parse.ts": "55d5d1a5ba76c1324e6dc2f2f7917f03c47e5da5c2c55af11fd0fe2d6a3d3a2e",
    "https://deno.land/std@0.213.0/dotenv/stringify.ts": "0047ad7068289735d08964046aea267a750c141b494ca0e38831b89be6c020c2",
    "https://deno.land/std@0.224.0/dotenv/mod.ts": "0180eaeedaaf88647318811cdaa418cc64dc51fb08354f91f5f480d0a1309f7d",
    "https://deno.land/std@0.224.0/dotenv/parse.ts": "09977ff88dfd1f24f9973a338f0f91bbdb9307eb5ff6085446e7c423e4c7ba0c",
    "https://deno.land/std@0.224.0/dotenv/stringify.ts": "275da322c409170160440836342eaa7cf012a1d11a7e700d8ca4e7f2f8aa4615",
    "https://deno.land/x/appwrite@10.0.0/mod.ts": "9352d1a6bb370d82f6c73e53a0ee055bdd3686632c9f2d2c1a66e5c2cf0080fd",
    "https://deno.land/x/appwrite@10.0.0/src/client.ts": "9f9f71d1768e75789e74b97018a3fb4aaaf1cba254f4c3108a224613137b969f",
    "https://deno.land/x/appwrite@10.0.0/src/enums/authentication-factor.ts": "29e807119efb8b21ca8601d1dc271a3c9150e31554351d37e527c44cfd2dec7d",
    "https://deno.land/x/appwrite@10.0.0/src/enums/authenticator-type.ts": "7aeb0cde9a751325a9d832e9fe7121e2c1047f3491cfb7dc5d98dcb570d5d20f",
    "https://deno.land/x/appwrite@10.0.0/src/enums/browser.ts": "8203be677b378978fe68aed4bf017c2fa026909142136871d1abcf06706b3c3a",
    "https://deno.land/x/appwrite@10.0.0/src/enums/compression.ts": "1d47a07ead40d9eba8e4147c4b081255644d6682ac7e7baf6cf38c4b7357488b",
    "https://deno.land/x/appwrite@10.0.0/src/enums/credit-card.ts": "308f27673caaa1a745f29dd912803e6c32c122cdbb00ac0c33b79412c6373b15",
    "https://deno.land/x/appwrite@10.0.0/src/enums/execution-method.ts": "19b2ada306921d8fcb63b22fc62cb8e9ab0688a85bcf592e4ffa30aeb4c13147",
    "https://deno.land/x/appwrite@10.0.0/src/enums/flag.ts": "550717aa55693085ab452689e7c550726a7fd790f907e760ff8ee633892c163b",
    "https://deno.land/x/appwrite@10.0.0/src/enums/image-format.ts": "4b619abe69b9c00f103de42034574af8710a147546c2c558d55024fa723e077b",
    "https://deno.land/x/appwrite@10.0.0/src/enums/image-gravity.ts": "59321342115ca14998959c816ece2653199758d90352ef2af178df6a8b4ebbde",
    "https://deno.land/x/appwrite@10.0.0/src/enums/index-type.ts": "ce3cc6e834a22c4237bfe22fa05acc6d0f1fb3c326581104fd15ed07c13126bc",
    "https://deno.land/x/appwrite@10.0.0/src/enums/messaging-provider-type.ts": "c9b2e535c6f9d042f6e1ed22deeefc064487a4898b43451d79100913dd04ac38",
    "https://deno.land/x/appwrite@10.0.0/src/enums/name.ts": "7090cd15c1c95fe106c0c61fe83f89bb8bf97a48cd5ef3e83a9bb63ed96e46d4",
    "https://deno.land/x/appwrite@10.0.0/src/enums/o-auth-provider.ts": "7cda0e215248b640c5e49169eb16be6e4057abfa2876bf5969f4b7805cf9e088",
    "https://deno.land/x/appwrite@10.0.0/src/enums/password-hash.ts": "5d15e8adcc6e618e87d6b3a99d9089a8c2b4861f86ad0693b6ef3cc63dacff48",
    "https://deno.land/x/appwrite@10.0.0/src/enums/relation-mutate.ts": "d7ce3e2945278544ba21c2efdab65678c578db10cd764ca3c874d840d4065ddd",
    "https://deno.land/x/appwrite@10.0.0/src/enums/relationship-type.ts": "9b985dfef86b595759bbccfc5520142d2671e2b6f4b6d498d94ff36c52a1122f",
    "https://deno.land/x/appwrite@10.0.0/src/enums/runtime.ts": "28cef5b635f0b6279eedd9e6cbb35ca823c45496c3817c7b34e7879784ed574b",
    "https://deno.land/x/appwrite@10.0.0/src/enums/smtp-encryption.ts": "54730a29af7a7e43fe9b1d9d85c3f7283599eaa26ed4ed6470b629d69d2b2825",
    "https://deno.land/x/appwrite@10.0.0/src/exception.ts": "ff67ae43c8a4e4bc449294ba3a2cb4c1c593cf8ebbbca8917467c906486495b8",
    "https://deno.land/x/appwrite@10.0.0/src/id.ts": "a531d617318442a0b32c84adf63f07c8693c3268327ed157ce35efe9bc8aa909",
    "https://deno.land/x/appwrite@10.0.0/src/inputFile.ts": "8f9e9bac6130b854a6c28c1b1bb00d31a512e175459f595db350506fa2740bfe",
    "https://deno.land/x/appwrite@10.0.0/src/permission.ts": "3aeba3d58059ae762ebfd75bf82c7b8bf1e75a28f105f6cfd6d650d300c2308d",
    "https://deno.land/x/appwrite@10.0.0/src/query.ts": "7671bd9aacb219f1c54b37bf03a56a54e993ba9c232c479e41f0b9e9c310a49e",
    "https://deno.land/x/appwrite@10.0.0/src/role.ts": "72ad85e15bd681f701c7fb9df6221a65965455596b06622a4ad11d87dce44358",
    "https://deno.land/x/appwrite@10.0.0/src/service.ts": "4a8227462b0e6af12956a0f9573c6360582a38cc3eb215bd480e50e398ff69d3",
    "https://deno.land/x/appwrite@10.0.0/src/services/account.ts": "d217855947c8443299af7207ae5ae97fe88dfaa902003759e6b4f067fdb1b909",
    "https://deno.land/x/appwrite@10.0.0/src/services/avatars.ts": "cfd69184f97923e3eb245620bc4aa32cfa83eaf2cf992095790c0a7cbf4639a4",
    "https://deno.land/x/appwrite@10.0.0/src/services/databases.ts": "6bb109d79aec412c63b14081873d24c90345c7d24e0069bca56fd8967cdcdb99",
    "https://deno.land/x/appwrite@10.0.0/src/services/functions.ts": "9dfd04bbba9575d26befe908ba788a8b80cc8cbcdb6a611305ccee076df27b57",
    "https://deno.land/x/appwrite@10.0.0/src/services/graphql.ts": "c94133899996e59f987706e0258e6247de265bce45f0c2d30437a498ecdfabd8",
    "https://deno.land/x/appwrite@10.0.0/src/services/health.ts": "3f0568606a29c6c825b6c3ad1e254d73c12de8cc7673b731375e89252558bda9",
    "https://deno.land/x/appwrite@10.0.0/src/services/locale.ts": "916a602ae1d1b66901ba719081c1d751b2a1e2e741bd80302635b37c4aec4046",
    "https://deno.land/x/appwrite@10.0.0/src/services/messaging.ts": "d4f51741de635783fa996c2fa2d71f84160213074f86460c5b0688d063d876f7",
    "https://deno.land/x/appwrite@10.0.0/src/services/storage.ts": "d327fc3a962ca03771502315345b11cf1fa7517f9b719b17c3a6ceca46999b0a",
    "https://deno.land/x/appwrite@10.0.0/src/services/teams.ts": "760a4bd5d335e533b05741b1c4cb1f5fde66955e9a9828a5882419d99709834f",
    "https://deno.land/x/appwrite@10.0.0/src/services/users.ts": "3fba8967fb6952c5740e8d2f38ecbacd14f4de26718d195bef696cae1d95a662",
    "https://deno.land/x/appwrite@11.0.0/mod.ts": "9352d1a6bb370d82f6c73e53a0ee055bdd3686632c9f2d2c1a66e5c2cf0080fd",
    "https://deno.land/x/appwrite@11.0.0/src/client.ts": "f235f47ca9797db2233fd44c1c1d4580502c228cc50532d1c8bc6758fc6f542d",
    "https://deno.land/x/appwrite@11.0.0/src/enums/authentication-factor.ts": "29e807119efb8b21ca8601d1dc271a3c9150e31554351d37e527c44cfd2dec7d",
    "https://deno.land/x/appwrite@11.0.0/src/enums/authenticator-type.ts": "7aeb0cde9a751325a9d832e9fe7121e2c1047f3491cfb7dc5d98dcb570d5d20f",
    "https://deno.land/x/appwrite@11.0.0/src/enums/browser.ts": "8203be677b378978fe68aed4bf017c2fa026909142136871d1abcf06706b3c3a",
    "https://deno.land/x/appwrite@11.0.0/src/enums/compression.ts": "1d47a07ead40d9eba8e4147c4b081255644d6682ac7e7baf6cf38c4b7357488b",
    "https://deno.land/x/appwrite@11.0.0/src/enums/credit-card.ts": "ef5b5fa1797d930859e81d890dca89036e4a70dceb8b2fdd194ee847d5848678",
    "https://deno.land/x/appwrite@11.0.0/src/enums/execution-method.ts": "19b2ada306921d8fcb63b22fc62cb8e9ab0688a85bcf592e4ffa30aeb4c13147",
    "https://deno.land/x/appwrite@11.0.0/src/enums/flag.ts": "caca8522be16bdb623c4f82c4e2c7aa27f8f1b16ee1b02a29b5ba455a0a319af",
    "https://deno.land/x/appwrite@11.0.0/src/enums/image-format.ts": "4b619abe69b9c00f103de42034574af8710a147546c2c558d55024fa723e077b",
    "https://deno.land/x/appwrite@11.0.0/src/enums/image-gravity.ts": "59321342115ca14998959c816ece2653199758d90352ef2af178df6a8b4ebbde",
    "https://deno.land/x/appwrite@11.0.0/src/enums/index-type.ts": "ce3cc6e834a22c4237bfe22fa05acc6d0f1fb3c326581104fd15ed07c13126bc",
    "https://deno.land/x/appwrite@11.0.0/src/enums/messaging-provider-type.ts": "c9b2e535c6f9d042f6e1ed22deeefc064487a4898b43451d79100913dd04ac38",
    "https://deno.land/x/appwrite@11.0.0/src/enums/name.ts": "8ff2121317c7e6c58ad23b9b39df0dd1901974a8ab54dac353d651645bd97815",
    "https://deno.land/x/appwrite@11.0.0/src/enums/o-auth-provider.ts": "7cda0e215248b640c5e49169eb16be6e4057abfa2876bf5969f4b7805cf9e088",
    "https://deno.land/x/appwrite@11.0.0/src/enums/password-hash.ts": "5d15e8adcc6e618e87d6b3a99d9089a8c2b4861f86ad0693b6ef3cc63dacff48",
    "https://deno.land/x/appwrite@11.0.0/src/enums/relation-mutate.ts": "d7ce3e2945278544ba21c2efdab65678c578db10cd764ca3c874d840d4065ddd",
    "https://deno.land/x/appwrite@11.0.0/src/enums/relationship-type.ts": "9b985dfef86b595759bbccfc5520142d2671e2b6f4b6d498d94ff36c52a1122f",
    "https://deno.land/x/appwrite@11.0.0/src/enums/runtime.ts": "bed6d1310e5d4da303d90f071d3582fd5a15b5baad75a6ac9b4d2403a1078615",
    "https://deno.land/x/appwrite@11.0.0/src/enums/smtp-encryption.ts": "54730a29af7a7e43fe9b1d9d85c3f7283599eaa26ed4ed6470b629d69d2b2825",
    "https://deno.land/x/appwrite@11.0.0/src/exception.ts": "ff67ae43c8a4e4bc449294ba3a2cb4c1c593cf8ebbbca8917467c906486495b8",
    "https://deno.land/x/appwrite@11.0.0/src/id.ts": "e11d66ce1456f74146cff9cd18b35c4ee04a00336b6a60a5e687f8779fab307a",
    "https://deno.land/x/appwrite@11.0.0/src/inputFile.ts": "8f9e9bac6130b854a6c28c1b1bb00d31a512e175459f595db350506fa2740bfe",
    "https://deno.land/x/appwrite@11.0.0/src/permission.ts": "3aeba3d58059ae762ebfd75bf82c7b8bf1e75a28f105f6cfd6d650d300c2308d",
    "https://deno.land/x/appwrite@11.0.0/src/query.ts": "7671bd9aacb219f1c54b37bf03a56a54e993ba9c232c479e41f0b9e9c310a49e",
    "https://deno.land/x/appwrite@11.0.0/src/role.ts": "72ad85e15bd681f701c7fb9df6221a65965455596b06622a4ad11d87dce44358",
    "https://deno.land/x/appwrite@11.0.0/src/service.ts": "4a8227462b0e6af12956a0f9573c6360582a38cc3eb215bd480e50e398ff69d3",
    "https://deno.land/x/appwrite@11.0.0/src/services/account.ts": "27fe499f11e10545394dfe02ba0fb934e49a037d6e9367c1241088600bffd49a",
    "https://deno.land/x/appwrite@11.0.0/src/services/avatars.ts": "cfd69184f97923e3eb245620bc4aa32cfa83eaf2cf992095790c0a7cbf4639a4",
    "https://deno.land/x/appwrite@11.0.0/src/services/databases.ts": "6bb109d79aec412c63b14081873d24c90345c7d24e0069bca56fd8967cdcdb99",
    "https://deno.land/x/appwrite@11.0.0/src/services/functions.ts": "9dfd04bbba9575d26befe908ba788a8b80cc8cbcdb6a611305ccee076df27b57",
    "https://deno.land/x/appwrite@11.0.0/src/services/graphql.ts": "c94133899996e59f987706e0258e6247de265bce45f0c2d30437a498ecdfabd8",
    "https://deno.land/x/appwrite@11.0.0/src/services/health.ts": "3f0568606a29c6c825b6c3ad1e254d73c12de8cc7673b731375e89252558bda9",
    "https://deno.land/x/appwrite@11.0.0/src/services/locale.ts": "916a602ae1d1b66901ba719081c1d751b2a1e2e741bd80302635b37c4aec4046",
    "https://deno.land/x/appwrite@11.0.0/src/services/messaging.ts": "643209b31850eda7bc6da3932435764cb08040b77885b774c6ed65dfb37f7a27",
    "https://deno.land/x/appwrite@11.0.0/src/services/storage.ts": "d327fc3a962ca03771502315345b11cf1fa7517f9b719b17c3a6ceca46999b0a",
    "https://deno.land/x/appwrite@11.0.0/src/services/teams.ts": "760a4bd5d335e533b05741b1c4cb1f5fde66955e9a9828a5882419d99709834f",
    "https://deno.land/x/appwrite@11.0.0/src/services/users.ts": "3f183dd062a01cbede711749489607dc1ac5f27e6b89ebf80d69713300671359",
    "https://deno.land/x/hono@v4.1.7/adapter/deno/serve-static.ts": "62b57d461ecebbc7b98809c4fc2a8358f0828d6e89cdc6841054e5bb3828fc80",
    "https://deno.land/x/hono@v4.1.7/client/client.ts": "b9d07d47a7b23f007fb2ea29a3185885e85a963a63b0f921f93ae2981ee29cda",
    "https://deno.land/x/hono@v4.1.7/client/index.ts": "30def535310a37bede261f1b23d11a9758983b8e9d60a6c56309cee5f6746ab2",
    "https://deno.land/x/hono@v4.1.7/client/types.ts": "0c131d0bcc205c18e6c2e858be1bf3886907594c69563f4ab3264bbe81f5ecd0",
    "https://deno.land/x/hono@v4.1.7/client/utils.ts": "a93e5dc542dceb892a6b39cc793689478627ba958d251794193cf26c0ecf5800",
    "https://deno.land/x/hono@v4.1.7/compose.ts": "37d6e33b7db80e4c43a0629b12fd3a1e3406e7d9e62a4bfad4b30426ea7ae4f1",
    "https://deno.land/x/hono@v4.1.7/context.ts": "3d8c8a1aaea396fe22e2db822e1a270482c7f4b3b273f8f05ae3b240408bc7b2",
    "https://deno.land/x/hono@v4.1.7/helper/cookie/index.ts": "80b98f8a014e8b03a9130cce9fb03f6175f82a64367e954d120634f8543556e2",
    "https://deno.land/x/hono@v4.1.7/helper/html/index.ts": "48a0ddc576c10452db6c3cab03dd4ee6986ab61ebdc667335b40a81fa0487f69",
    "https://deno.land/x/hono@v4.1.7/helper/websocket/index.ts": "d72e052f0b6bfd98c26c4348ad499b493b2baf24bfdaae81b399453dcdad1483",
    "https://deno.land/x/hono@v4.1.7/hono-base.ts": "2a508c026687a1fc12c0458e100e66d5d72e17f6e6532b407d19663aa7300327",
    "https://deno.land/x/hono@v4.1.7/hono.ts": "23edd0140bf0bd5a68c14ae96e5856a5cec6b844277e853b91025e91ea74f416",
    "https://deno.land/x/hono@v4.1.7/http-exception.ts": "cd387c6f7357db375ac3375f0346c6da80b46193b661881f660d6b15293fc086",
    "https://deno.land/x/hono@v4.1.7/jsx/base.ts": "4c1e9f841b8f287ed95541f4e0c6ba9afac2a353cb2a88dc373f27e2261b118b",
    "https://deno.land/x/hono@v4.1.7/jsx/components.ts": "f79ab215f59388f01a69e2d6ec0b841fd3b42ba38e0ee7c93a525cdf06e159f9",
    "https://deno.land/x/hono@v4.1.7/jsx/constants.ts": "03dbf805f4d07e3b34ab05ac84f3c0cb4fbafb2096fba7789a5f6226ca6f21ad",
    "https://deno.land/x/hono@v4.1.7/jsx/context.ts": "2b7a86e6b35da171fab27aa05f09748bb3eba64b26c037ea1da655c07e8f6bc1",
    "https://deno.land/x/hono@v4.1.7/jsx/dom/components.ts": "733da654edb3d4c178a4479649fac2c64e79069e37e848add0c3a49f90e7f2d7",
    "https://deno.land/x/hono@v4.1.7/jsx/dom/context.ts": "39cd1108f0933934075fd88ef98139b0f29cce35b5d30d5fed2231daaa19c208",
    "https://deno.land/x/hono@v4.1.7/jsx/dom/jsx-dev-runtime.ts": "266a61edb91f596f8581218c2afb253449fa700e069298b5a3e96ee064a57183",
    "https://deno.land/x/hono@v4.1.7/jsx/dom/jsx-runtime.ts": "6a50a65306771a9000030f494d92a5fdeeb055112e0126234b2fd9179de1d4f5",
    "https://deno.land/x/hono@v4.1.7/jsx/dom/render.ts": "ca76952d936e4994c08a8eef291a353ea39815f42b547f1b3cb143559b3227ca",
    "https://deno.land/x/hono@v4.1.7/jsx/hooks/index.ts": "868cbd15ab328845ca5f3da9f5f5faf1f4db755ca7dfed5dafb7a904dfa515bd",
    "https://deno.land/x/hono@v4.1.7/jsx/index.ts": "e940d1ce5e3e5bbe9852c3d704a6ba3cabaefd21cf013fd5f5b921696f5afd7e",
    "https://deno.land/x/hono@v4.1.7/jsx/intrinsic-elements.ts": "21c3a8f6ba07f0d7d7c0ec7293c79c26b9b62df2894e26cb6c17b6c7ec381264",
    "https://deno.land/x/hono@v4.1.7/jsx/streaming.ts": "6a04614847ce8792b3c43cd9ca091077b4b4e86e756e81f37c672a5d9b7e9097",
    "https://deno.land/x/hono@v4.1.7/jsx/types.ts": "880971bd1e0704a6fba6b786ca596cbe23fc06e36c506f42ea17f84f9879f278",
    "https://deno.land/x/hono@v4.1.7/jsx/utils.ts": "7b9d84ce478c66a5f4709dc3a873ac7104ba3427597683221827abec2761da0e",
    "https://deno.land/x/hono@v4.1.7/middleware.ts": "61d9069cf53fe3ecdd38217275bd9088e25c7698cefd4c930918d717c8a4a58e",
    "https://deno.land/x/hono@v4.1.7/middleware/basic-auth/index.ts": "cb9c6397f291612e2fa2f678e1cd85d427cf4395838d558a9fa2c99727f20fb0",
    "https://deno.land/x/hono@v4.1.7/middleware/bearer-auth/index.ts": "1bfe631db1661cd342a2220614af5e21455ebea11b8c3ed5f6df7ef8d02b9a54",
    "https://deno.land/x/hono@v4.1.7/middleware/body-limit/index.ts": "3fefeaf7e6e576aa1b33f2694072d2eaab692842acd29cb360d98e20eebfe5aa",
    "https://deno.land/x/hono@v4.1.7/middleware/cache/index.ts": "de2b8a6e54467676f63e2b208a8bef45427ac059beaf647bd40642e70b826942",
    "https://deno.land/x/hono@v4.1.7/middleware/compress/index.ts": "98c403a5fe7e9c5f5d776350b422b0a125fb34696851b8b14f825b9b7b06f2ac",
    "https://deno.land/x/hono@v4.1.7/middleware/cors/index.ts": "69e208e2bfd6345f14892e59ea817818373b3ebd74163177d687cd47ddbe1f6c",
    "https://deno.land/x/hono@v4.1.7/middleware/csrf/index.ts": "077bb0ce299d79d0d232cb9e462aaa4eaa901164f1310f74a7630f7e6cfe74e8",
    "https://deno.land/x/hono@v4.1.7/middleware/etag/index.ts": "3392aabea4d02dfec51455c5919bff9aad76538b9fde375dd542fbc3f389dd3a",
    "https://deno.land/x/hono@v4.1.7/middleware/jsx-renderer/index.ts": "98ed5803c3bdfded84040d859190a8cf850fc5b9b7fc9016ed1ee55992afca63",
    "https://deno.land/x/hono@v4.1.7/middleware/jwt/index.ts": "d5bbd0568ca703d53c9e005c33f322ea2eb54e3bb9e0e3cf0d6b2322be80a197",
    "https://deno.land/x/hono@v4.1.7/middleware/logger/index.ts": "52a2e968890ada2c11ce89a7a783692c5767b8ed7fb23ccf6b559d255d13ccbc",
    "https://deno.land/x/hono@v4.1.7/middleware/powered-by/index.ts": "6faba0cf042278d60b317b690640bb0b58747690cf280fa09024424c5174e66d",
    "https://deno.land/x/hono@v4.1.7/middleware/pretty-json/index.ts": "2216ce4c9910be009fecac63367c3626b46137d4cf7cb9a82913e501104b4a88",
    "https://deno.land/x/hono@v4.1.7/middleware/secure-headers/index.ts": "24cf3544002e882972842800bce223738b32c9c84bef7f74892e994819765f84",
    "https://deno.land/x/hono@v4.1.7/middleware/serve-static/index.ts": "8a6e0e82ee7459e518ce8dc3d91e7872b272ffdf9a26dbcee3ff17f2157be088",
    "https://deno.land/x/hono@v4.1.7/middleware/timing/index.ts": "241702aa10ab66cc832e8b556c57c236f3bf338a8817d802cb142eae0f852582",
    "https://deno.land/x/hono@v4.1.7/mod.ts": "35fd2a2e14b52365e0ad66f168b067363fd0a60d75cbcb1b01685b04de97d60e",
    "https://deno.land/x/hono@v4.1.7/request.ts": "9c8061eaf4373aa122a77d1aa8e888397425bc5d78bc17c87a2c861375c4f0b3",
    "https://deno.land/x/hono@v4.1.7/router.ts": "880316f561918fc197481755aac2165fdbe2f530b925c5357a9f98d6e2cc85c7",
    "https://deno.land/x/hono@v4.1.7/router/linear-router/index.ts": "8a2a7144c50b1f4a92d9ee99c2c396716af144c868e10608255f969695efccd0",
    "https://deno.land/x/hono@v4.1.7/router/linear-router/router.ts": "928d29894e4b45b047a4f453c7f1745c8b1869cd68447e1cb710c7bbf99a4e29",
    "https://deno.land/x/hono@v4.1.7/router/pattern-router/index.ts": "304a66c50e243872037ed41c7dd79ed0c89d815e17e172e7ad7cdc4bc07d3383",
    "https://deno.land/x/hono@v4.1.7/router/pattern-router/router.ts": "1b5f68e6af942579d3a40ee834294fea3d1f05fd5f70514e46ae301dd0107e46",
    "https://deno.land/x/hono@v4.1.7/router/reg-exp-router/index.ts": "52755829213941756159b7a963097bafde5cc4fc22b13b1c7c9184dc0512d1db",
    "https://deno.land/x/hono@v4.1.7/router/reg-exp-router/node.ts": "7efaa6f4301efc2aad0519c84973061be8555da02e5868409293a1fd98536aaf",
    "https://deno.land/x/hono@v4.1.7/router/reg-exp-router/router.ts": "632f2fa426b3e45a66aeed03f7205dad6d13e8081bed6f8d1d987b6cad8fb455",
    "https://deno.land/x/hono@v4.1.7/router/reg-exp-router/trie.ts": "852ce7207e6701e47fa30889a0d2b8bfcd56d8862c97e7bc9831e0a64bd8835f",
    "https://deno.land/x/hono@v4.1.7/router/smart-router/index.ts": "74f9b4fe15ea535900f2b9b048581915f12fe94e531dd2b0032f5610e61c3bef",
    "https://deno.land/x/hono@v4.1.7/router/smart-router/router.ts": "f1848a2a1eefa316a11853ae12e749552747771fb8a11fe713ae04ea6461140b",
    "https://deno.land/x/hono@v4.1.7/router/trie-router/index.ts": "3eb75e7f71ba81801631b30de6b1f5cefb2c7239c03797e2b2cbab5085911b41",
    "https://deno.land/x/hono@v4.1.7/router/trie-router/node.ts": "5786ed7b85bb55411ede249a381412d39406497285ce23c1eafd50551dcdc632",
    "https://deno.land/x/hono@v4.1.7/router/trie-router/router.ts": "54ced78d35676302c8fcdda4204f7bdf5a7cc907fbf9967c75674b1e394f830d",
    "https://deno.land/x/hono@v4.1.7/types.ts": "99126f2f581dd239df1ace7c8fea139ae150cc950b4bb5cae2290bbbb207964d",
    "https://deno.land/x/hono@v4.1.7/utils/body.ts": "1c7013f83bbef8216b3d862111efd5a183eaa29e86decf9a7eec6cdf25757e93",
    "https://deno.land/x/hono@v4.1.7/utils/buffer.ts": "9066a973e64498cb262c7e932f47eed525a51677b17f90893862b7279dc0773e",
    "https://deno.land/x/hono@v4.1.7/utils/color.ts": "23f8494d4cace2a74d4baf8216c69328ef7e5ed6ca8a402ba92f50144763d927",
    "https://deno.land/x/hono@v4.1.7/utils/cookie.ts": "6eaaf6909a4ae11f6c82404e9398e1c247e3f1854d73994a9e2e6fc3cdf7b584",
    "https://deno.land/x/hono@v4.1.7/utils/crypto.ts": "bda0e141bbe46d3a4a20f8fbcb6380d473b617123d9fdfa93e4499410b537acc",
    "https://deno.land/x/hono@v4.1.7/utils/encode.ts": "311dfdfae7eb0b6345e9680f7ebbb3a692e872ed964e2029aca38567af8d1f33",
    "https://deno.land/x/hono@v4.1.7/utils/filepath.ts": "a83e5fe87396bb291a6c5c28e13356fcbea0b5547bad2c3ba9660100ff964000",
    "https://deno.land/x/hono@v4.1.7/utils/html.ts": "6ea4f6bf41587a51607dff7a6d2865ef4d5001e4203b07e5c8a45b63a098e871",
    "https://deno.land/x/hono@v4.1.7/utils/http-status.ts": "f5b820f2793e45209f34deddf147b23e3133a89eb4c57dc643759a504706636b",
    "https://deno.land/x/hono@v4.1.7/utils/jwt/index.ts": "5e4b82a42eb3603351dfce726cd781ca41cb57437395409d227131aec348d2d5",
    "https://deno.land/x/hono@v4.1.7/utils/jwt/jwt.ts": "02ff7bbf1298ffcc7a40266842f8eac44b6c136453e32d4441e24d0cbfba3a95",
    "https://deno.land/x/hono@v4.1.7/utils/jwt/types.ts": "1dd79fce49dcaf54511d9bca88f5ae508cef577225aa581c811b248dc9c7a121",
    "https://deno.land/x/hono@v4.1.7/utils/mime.ts": "1e5db0919d2127995ec466dfd1ee637c3d63084f516ccbd3c6906ccf0d3f3c46",
    "https://deno.land/x/hono@v4.1.7/utils/types.ts": "eed78020cecba38e7880a8b22532a8607a1be81fdd335d582fa78d17f59ecbb7",
    "https://deno.land/x/hono@v4.1.7/utils/url.ts": "855169632c61d03703bd08cafb27664ba3fdb352892f01687d5cce8fd49e3cb1",
    "https://deno.land/x/hono@v4.1.7/validator/index.ts": "6c986e8b91dcf857ecc8164a506ae8eea8665792a4ff7215471df669c632ae7c",
    "https://deno.land/x/hono@v4.1.7/validator/validator.ts": "5dd53421e374bb6323fdd6208473fb061a287251075bc4e23f25c10b18c93609",
    "https://deno.land/x/hono@v4.3.1/client/client.ts": "dcda3887257fa3164db7b32c56665c6e757f0ef047a14f3f9599ef41725c1525",
    "https://deno.land/x/hono@v4.3.1/client/index.ts": "30def535310a37bede261f1b23d11a9758983b8e9d60a6c56309cee5f6746ab2",
    "https://deno.land/x/hono@v4.3.1/client/types.ts": "73fbec704cf968ca5c5bba10aa1131758c52ab31a78301451c79cfc47368d43c",
    "https://deno.land/x/hono@v4.3.1/client/utils.ts": "8be84b49c5c7952666875a8e901fde3044c85c853ea6ba3a7e2c0468478459c0",
    "https://deno.land/x/hono@v4.3.1/compose.ts": "37d6e33b7db80e4c43a0629b12fd3a1e3406e7d9e62a4bfad4b30426ea7ae4f1",
    "https://deno.land/x/hono@v4.3.1/context.ts": "e5597f5ba4720aca767d7cb6546e1a2884c803292cb587c612b2ea738ef040fd",
    "https://deno.land/x/hono@v4.3.1/helper/cookie/index.ts": "b3c648b657be2dca4e8ef2f2f6ebf938a312652301bcbc9c92914627ad93a447",
    "https://deno.land/x/hono@v4.3.1/hono-base.ts": "2a508c026687a1fc12c0458e100e66d5d72e17f6e6532b407d19663aa7300327",
    "https://deno.land/x/hono@v4.3.1/hono.ts": "23edd0140bf0bd5a68c14ae96e5856a5cec6b844277e853b91025e91ea74f416",
    "https://deno.land/x/hono@v4.3.1/http-exception.ts": "cd387c6f7357db375ac3375f0346c6da80b46193b661881f660d6b15293fc086",
    "https://deno.land/x/hono@v4.3.1/mod.ts": "35fd2a2e14b52365e0ad66f168b067363fd0a60d75cbcb1b01685b04de97d60e",
    "https://deno.land/x/hono@v4.3.1/request.ts": "58055abe5a408c523056be7d159c135caf8868721810c34bf9b6565372069e2d",
    "https://deno.land/x/hono@v4.3.1/router.ts": "880316f561918fc197481755aac2165fdbe2f530b925c5357a9f98d6e2cc85c7",
    "https://deno.land/x/hono@v4.3.1/router/linear-router/index.ts": "8a2a7144c50b1f4a92d9ee99c2c396716af144c868e10608255f969695efccd0",
    "https://deno.land/x/hono@v4.3.1/router/linear-router/router.ts": "928d29894e4b45b047a4f453c7f1745c8b1869cd68447e1cb710c7bbf99a4e29",
    "https://deno.land/x/hono@v4.3.1/router/pattern-router/index.ts": "304a66c50e243872037ed41c7dd79ed0c89d815e17e172e7ad7cdc4bc07d3383",
    "https://deno.land/x/hono@v4.3.1/router/pattern-router/router.ts": "1b5f68e6af942579d3a40ee834294fea3d1f05fd5f70514e46ae301dd0107e46",
    "https://deno.land/x/hono@v4.3.1/router/reg-exp-router/index.ts": "52755829213941756159b7a963097bafde5cc4fc22b13b1c7c9184dc0512d1db",
    "https://deno.land/x/hono@v4.3.1/router/reg-exp-router/node.ts": "7efaa6f4301efc2aad0519c84973061be8555da02e5868409293a1fd98536aaf",
    "https://deno.land/x/hono@v4.3.1/router/reg-exp-router/router.ts": "632f2fa426b3e45a66aeed03f7205dad6d13e8081bed6f8d1d987b6cad8fb455",
    "https://deno.land/x/hono@v4.3.1/router/reg-exp-router/trie.ts": "852ce7207e6701e47fa30889a0d2b8bfcd56d8862c97e7bc9831e0a64bd8835f",
    "https://deno.land/x/hono@v4.3.1/router/smart-router/index.ts": "74f9b4fe15ea535900f2b9b048581915f12fe94e531dd2b0032f5610e61c3bef",
    "https://deno.land/x/hono@v4.3.1/router/smart-router/router.ts": "f1848a2a1eefa316a11853ae12e749552747771fb8a11fe713ae04ea6461140b",
    "https://deno.land/x/hono@v4.3.1/router/trie-router/index.ts": "3eb75e7f71ba81801631b30de6b1f5cefb2c7239c03797e2b2cbab5085911b41",
    "https://deno.land/x/hono@v4.3.1/router/trie-router/node.ts": "d3e00e8f1ba7fb26896459d5bba882356891a07793387c4655d1864c519a91de",
    "https://deno.land/x/hono@v4.3.1/router/trie-router/router.ts": "54ced78d35676302c8fcdda4204f7bdf5a7cc907fbf9967c75674b1e394f830d",
    "https://deno.land/x/hono@v4.3.1/types.ts": "f0b1d2db36a043277b7f3ba16a743efbfea81cfad1ac62f2614435207b1ca34a",
    "https://deno.land/x/hono@v4.3.1/utils/body.ts": "1c7013f83bbef8216b3d862111efd5a183eaa29e86decf9a7eec6cdf25757e93",
    "https://deno.land/x/hono@v4.3.1/utils/buffer.ts": "9066a973e64498cb262c7e932f47eed525a51677b17f90893862b7279dc0773e",
    "https://deno.land/x/hono@v4.3.1/utils/cookie.ts": "6eaaf6909a4ae11f6c82404e9398e1c247e3f1854d73994a9e2e6fc3cdf7b584",
    "https://deno.land/x/hono@v4.3.1/utils/crypto.ts": "bda0e141bbe46d3a4a20f8fbcb6380d473b617123d9fdfa93e4499410b537acc",
    "https://deno.land/x/hono@v4.3.1/utils/html.ts": "6ea4f6bf41587a51607dff7a6d2865ef4d5001e4203b07e5c8a45b63a098e871",
    "https://deno.land/x/hono@v4.3.1/utils/http-status.ts": "f5b820f2793e45209f34deddf147b23e3133a89eb4c57dc643759a504706636b",
    "https://deno.land/x/hono@v4.3.1/utils/types.ts": "050bfa9dc6d0cc4b7c5069944a8bd60066c2f9f95ee69833623ad104f11f92bf",
    "https://deno.land/x/hono@v4.3.1/utils/url.ts": "855169632c61d03703bd08cafb27664ba3fdb352892f01687d5cce8fd49e3cb1",
    "https://deno.land/x/hono@v4.3.1/validator/index.ts": "6c986e8b91dcf857ecc8164a506ae8eea8665792a4ff7215471df669c632ae7c",
    "https://deno.land/x/hono@v4.3.1/validator/validator.ts": "99618538b9b283d854656f7375169c0b5006c7198d64be1dfcd79fc6ea01628a",
    "https://deno.land/x/hono@v4.3.11/adapter/deno/serve-static.ts": "db226d30f08f1a8bb77653ead42a911357b2f8710d653e43c01eccebb424b295",
    "https://deno.land/x/hono@v4.3.11/compose.ts": "37d6e33b7db80e4c43a0629b12fd3a1e3406e7d9e62a4bfad4b30426ea7ae4f1",
    "https://deno.land/x/hono@v4.3.11/context.ts": "facfd749d823a645039571d66d9d228f5ae6836818b65d3b6c4c6891adfe071e",
    "https://deno.land/x/hono@v4.3.11/helper/adapter/index.ts": "ff7e11eb1ca1fbd74ca3c46cd1d24014582f91491ef6d3846d66ed1cede18ec4",
    "https://deno.land/x/hono@v4.3.11/helper/cookie/index.ts": "689c84eae410f0444a4598f136a4f859b9122ec6f790dff74412d34405883db8",
    "https://deno.land/x/hono@v4.3.11/helper/html/index.ts": "48a0ddc576c10452db6c3cab03dd4ee6986ab61ebdc667335b40a81fa0487f69",
    "https://deno.land/x/hono@v4.3.11/hono-base.ts": "fd7e9c1bba1e13119e95158270011784da3a7c3014c149ba0700e700f840ae0d",
    "https://deno.land/x/hono@v4.3.11/hono.ts": "23edd0140bf0bd5a68c14ae96e5856a5cec6b844277e853b91025e91ea74f416",
    "https://deno.land/x/hono@v4.3.11/http-exception.ts": "f5dd375e61aa4b764eb9b99dd45a7160f8317fd36d3f79ae22585b9a5e8ad7c5",
    "https://deno.land/x/hono@v4.3.11/jsx/base.ts": "33f1c302c8f72ae948abd9c3ef85f4b3be6525251a13b95fd18fe2910b7d4a0d",
    "https://deno.land/x/hono@v4.3.11/jsx/children.ts": "26ead0f151faba5307883614b5b064299558f06798c695c432f32acbb1127d56",
    "https://deno.land/x/hono@v4.3.11/jsx/components.ts": "f79ab215f59388f01a69e2d6ec0b841fd3b42ba38e0ee7c93a525cdf06e159f9",
    "https://deno.land/x/hono@v4.3.11/jsx/constants.ts": "984e0797194be1fbc935cb688c8d0a60c112b21bc59301be5354c02232f18820",
    "https://deno.land/x/hono@v4.3.11/jsx/context.ts": "2b7a86e6b35da171fab27aa05f09748bb3eba64b26c037ea1da655c07e8f6bc1",
    "https://deno.land/x/hono@v4.3.11/jsx/dom/components.ts": "733da654edb3d4c178a4479649fac2c64e79069e37e848add0c3a49f90e7f2d7",
    "https://deno.land/x/hono@v4.3.11/jsx/dom/context.ts": "06209d14553398750c69252cc826082018cefa277f5c82cbe58d7261c8a2d81e",
    "https://deno.land/x/hono@v4.3.11/jsx/dom/jsx-dev-runtime.ts": "ba87562d14b77dd5f2a3cc30d41b1eb5edb0800e5f4a7337b5b87b2e66f8a099",
    "https://deno.land/x/hono@v4.3.11/jsx/dom/jsx-runtime.ts": "6a50a65306771a9000030f494d92a5fdeeb055112e0126234b2fd9179de1d4f5",
    "https://deno.land/x/hono@v4.3.11/jsx/dom/render.ts": "7db816d40de58c60e1cbdab64ac3f170b1e30696ed61ad449bbb823f60b46146",
    "https://deno.land/x/hono@v4.3.11/jsx/dom/utils.ts": "5d3e8c14996902db9c1223041fb21480fa0e921a4ccdc59f8c7571c08b7810f2",
    "https://deno.land/x/hono@v4.3.11/jsx/hooks/index.ts": "b7e0f0a754f31a1e1fbe0ac636b38b031603eb0ae195c32a30769a11d79fb871",
    "https://deno.land/x/hono@v4.3.11/jsx/index.ts": "fe3e582c2a4e24e5f8b6027925bddccaae0283747d8f0161eb6f5a34616edd11",
    "https://deno.land/x/hono@v4.3.11/jsx/intrinsic-elements.ts": "21c3a8f6ba07f0d7d7c0ec7293c79c26b9b62df2894e26cb6c17b6c7ec381264",
    "https://deno.land/x/hono@v4.3.11/jsx/streaming.ts": "5e5dde9a546041353b9a3860fc9020471f762813f10e1290009ab6bd40e7bdcf",
    "https://deno.land/x/hono@v4.3.11/jsx/types.ts": "51c2bdbb373860e2570ad403546a7fdbbb1cf00a47ce7ed10b2aece922031ac4",
    "https://deno.land/x/hono@v4.3.11/jsx/utils.ts": "4b8299d402ba5395472c552d1fe3297ee60112bfc32e0ef86cfe8e40086f7d54",
    "https://deno.land/x/hono@v4.3.11/middleware.ts": "2e7c6062e36b0e5f84b44a62e7b0e1cef33a9827c19937c648be4b63e1b7d7c6",
    "https://deno.land/x/hono@v4.3.11/middleware/basic-auth/index.ts": "2c8cb563f3b89df1a7a2232be37377c3df6194af38613dc0a823c6595816fc66",
    "https://deno.land/x/hono@v4.3.11/middleware/bearer-auth/index.ts": "b3b7469bc0eb9543c6c47f3ff67de879210dd73063307a61536042ff30e8720e",
    "https://deno.land/x/hono@v4.3.11/middleware/body-limit/index.ts": "3fefeaf7e6e576aa1b33f2694072d2eaab692842acd29cb360d98e20eebfe5aa",
    "https://deno.land/x/hono@v4.3.11/middleware/cache/index.ts": "5e6273e5c9ea73ef387b25923ab23274c220b29d7c981b62ac0be26d6a1aa3d8",
    "https://deno.land/x/hono@v4.3.11/middleware/compress/index.ts": "98c403a5fe7e9c5f5d776350b422b0a125fb34696851b8b14f825b9b7b06f2ac",
    "https://deno.land/x/hono@v4.3.11/middleware/cors/index.ts": "976eb9ce8cefc214b403a2939503a13177cec76223274609a07ca554e0dc623b",
    "https://deno.land/x/hono@v4.3.11/middleware/csrf/index.ts": "077bb0ce299d79d0d232cb9e462aaa4eaa901164f1310f74a7630f7e6cfe74e8",
    "https://deno.land/x/hono@v4.3.11/middleware/etag/index.ts": "95e0270ea349cf00537ee6e58985a4cc7dba44091ca8e2dc42b6d8b2f01bcfe7",
    "https://deno.land/x/hono@v4.3.11/middleware/jsx-renderer/index.ts": "229322c66ebc7f426cd2d71f282438025b4ee7ce8cb8e97e87c7efbc94530c19",
    "https://deno.land/x/hono@v4.3.11/middleware/jwt/index.ts": "fce4e2db52b4816bfe6bb3a468bd596ab4705527bee1edf679bc28ca53b28ba3",
    "https://deno.land/x/hono@v4.3.11/middleware/logger/index.ts": "52a2e968890ada2c11ce89a7a783692c5767b8ed7fb23ccf6b559d255d13ccbc",
    "https://deno.land/x/hono@v4.3.11/middleware/method-override/index.ts": "bc13bdcf70c777b72b1300a5cca1b51a8bd126e0d922b991d89e96fe7c694b5b",
    "https://deno.land/x/hono@v4.3.11/middleware/powered-by/index.ts": "6faba0cf042278d60b317b690640bb0b58747690cf280fa09024424c5174e66d",
    "https://deno.land/x/hono@v4.3.11/middleware/pretty-json/index.ts": "2216ce4c9910be009fecac63367c3626b46137d4cf7cb9a82913e501104b4a88",
    "https://deno.land/x/hono@v4.3.11/middleware/secure-headers/index.ts": "f2e4c3858d26ff47bc6909513607e6a3c31184aabe78fb272ed08e1d62a750f0",
    "https://deno.land/x/hono@v4.3.11/middleware/serve-static/index.ts": "14b760bbbc4478cc3a7fb9728730bc6300581c890365b7101b80c16e70e4b21e",
    "https://deno.land/x/hono@v4.3.11/middleware/timing/index.ts": "6fddbb3e47ae875c16907cf23b9bb503ec2ad858406418b5f38f1e7fbca8c6f6",
    "https://deno.land/x/hono@v4.3.11/middleware/trailing-slash/index.ts": "419cf0af99a137f591b72cc71c053e524fe3574393ce81e0e9dbce84a4046e24",
    "https://deno.land/x/hono@v4.3.11/request.ts": "7b08602858e642d1626c3106c0bedc2aa8d97e30691a079351d9acef7c5955e6",
    "https://deno.land/x/hono@v4.3.11/router.ts": "880316f561918fc197481755aac2165fdbe2f530b925c5357a9f98d6e2cc85c7",
    "https://deno.land/x/hono@v4.3.11/router/reg-exp-router/index.ts": "52755829213941756159b7a963097bafde5cc4fc22b13b1c7c9184dc0512d1db",
    "https://deno.land/x/hono@v4.3.11/router/reg-exp-router/node.ts": "7efaa6f4301efc2aad0519c84973061be8555da02e5868409293a1fd98536aaf",
    "https://deno.land/x/hono@v4.3.11/router/reg-exp-router/router.ts": "632f2fa426b3e45a66aeed03f7205dad6d13e8081bed6f8d1d987b6cad8fb455",
    "https://deno.land/x/hono@v4.3.11/router/reg-exp-router/trie.ts": "852ce7207e6701e47fa30889a0d2b8bfcd56d8862c97e7bc9831e0a64bd8835f",
    "https://deno.land/x/hono@v4.3.11/router/smart-router/index.ts": "74f9b4fe15ea535900f2b9b048581915f12fe94e531dd2b0032f5610e61c3bef",
    "https://deno.land/x/hono@v4.3.11/router/smart-router/router.ts": "dc22a8505a0f345476f07dca3054c0c50a64d7b81c9af5a904476490dfd5cbb4",
    "https://deno.land/x/hono@v4.3.11/router/trie-router/index.ts": "3eb75e7f71ba81801631b30de6b1f5cefb2c7239c03797e2b2cbab5085911b41",
    "https://deno.land/x/hono@v4.3.11/router/trie-router/node.ts": "d3e00e8f1ba7fb26896459d5bba882356891a07793387c4655d1864c519a91de",
    "https://deno.land/x/hono@v4.3.11/router/trie-router/router.ts": "54ced78d35676302c8fcdda4204f7bdf5a7cc907fbf9967c75674b1e394f830d",
    "https://deno.land/x/hono@v4.3.11/types.ts": "b561c3ee846121b33c2d81331246cdedf7781636ed72dad7406677105b4275de",
    "https://deno.land/x/hono@v4.3.11/utils/body.ts": "774cb319dfbe886a9d39f12c43dea15a39f9d01e45de0323167cdd5d0aad14d4",
    "https://deno.land/x/hono@v4.3.11/utils/buffer.ts": "2fae689954b427b51fb84ad02bed11a72eae96692c2973802b3b4c1e39cd5b9c",
    "https://deno.land/x/hono@v4.3.11/utils/color.ts": "10575c221f48bc806887710da8285f859f51daf9e6878bbdf99cb406b8494457",
    "https://deno.land/x/hono@v4.3.11/utils/cookie.ts": "662529d55703d2c0bad8736cb1274eb97524c0ef7882d99254fc7c8fa925b46c",
    "https://deno.land/x/hono@v4.3.11/utils/crypto.ts": "bda0e141bbe46d3a4a20f8fbcb6380d473b617123d9fdfa93e4499410b537acc",
    "https://deno.land/x/hono@v4.3.11/utils/encode.ts": "311dfdfae7eb0b6345e9680f7ebbb3a692e872ed964e2029aca38567af8d1f33",
    "https://deno.land/x/hono@v4.3.11/utils/filepath.ts": "a83e5fe87396bb291a6c5c28e13356fcbea0b5547bad2c3ba9660100ff964000",
    "https://deno.land/x/hono@v4.3.11/utils/html.ts": "6ea4f6bf41587a51607dff7a6d2865ef4d5001e4203b07e5c8a45b63a098e871",
    "https://deno.land/x/hono@v4.3.11/utils/http-status.ts": "f5b820f2793e45209f34deddf147b23e3133a89eb4c57dc643759a504706636b",
    "https://deno.land/x/hono@v4.3.11/utils/jwt/index.ts": "3b66f48cdd3fcc2caed5e908ca31776e11b1c30391008931276da3035e6ba1e9",
    "https://deno.land/x/hono@v4.3.11/utils/jwt/jwa.ts": "6874cacd8b6dde386636b81b5ea2754f8e4c61757802fa908dd1ce54b91a52fa",
    "https://deno.land/x/hono@v4.3.11/utils/jwt/jws.ts": "878fa7d1966b0db20ae231cfee279ba2bb198943e949049cab3f5845cd5ee2d1",
    "https://deno.land/x/hono@v4.3.11/utils/jwt/jwt.ts": "80452edc3498c6670a211fdcd33cfc4d5c00dfac79aa9f403b0623dedc039554",
    "https://deno.land/x/hono@v4.3.11/utils/jwt/types.ts": "b6659ac85e7f8fcdd8cdfc7d51f5d1a91107ad8dfb647a8e4ea9c80f0f02afee",
    "https://deno.land/x/hono@v4.3.11/utils/jwt/utf8.ts": "17c507f68f23ccb82503ea6183e54b5f748a6fe621eb60994adfb4a8c2a3f561",
    "https://deno.land/x/hono@v4.3.11/utils/mime.ts": "d1fc2c047191ccb01d736c6acf90df731324536298181dba0ecc2259e5f7d661",
    "https://deno.land/x/hono@v4.3.11/utils/types.ts": "050bfa9dc6d0cc4b7c5069944a8bd60066c2f9f95ee69833623ad104f11f92bf",
    "https://deno.land/x/hono@v4.3.11/utils/url.ts": "855169632c61d03703bd08cafb27664ba3fdb352892f01687d5cce8fd49e3cb1"
  },
  "workspace": {
    "packageJson": {
      "dependencies": [
        "npm:husky@^9.0.11",
        "npm:lint-staged@^15.2.2",
        "npm:turbo@^2.0.11"
      ]
    },
    "members": {
      "apps/server": {
        "dependencies": [
          "jsr:@hono/hono@^4.5.3"
        ]
      },
      "apps/web": {
        "packageJson": {
          "dependencies": [
            "npm:@pandacss/dev@^0.44.0",
            "npm:@types/node@^22.1.0",
            "npm:@vitejs/plugin-vue@^5.1.2",
            "npm:alova@^3.0.5",
            "npm:pinia@^2.2.0",
            "npm:typescript@^5.5.4",
            "npm:unplugin-vue-router@^0.10.2",
            "npm:vite@^5.3.5",
            "npm:vue-router@^4.4.2",
            "npm:vue-tsc@^2.0.29",
            "npm:vue@^3.4.35"
          ]
        }
      },
      "packages/biome-config": {
        "packageJson": {
          "dependencies": [
            "npm:@biomejs/biome@1.8.3"
          ]
        }
      }
    }
  }
}
