{
  "version": "2",
  "remote": {
    "https://deno.land/std@0.122.0/_util/assert.ts": "2f868145a042a11d5ad0a3c748dcf580add8a0dbc0e876eaa0026303a5488f58",
    "https://deno.land/std@0.122.0/_util/os.ts": "dfb186cc4e968c770ab6cc3288bd65f4871be03b93beecae57d657232ecffcac",
    "https://deno.land/std@0.122.0/path/_constants.ts": "1247fee4a79b70c89f23499691ef169b41b6ccf01887a0abd131009c5581b853",
    "https://deno.land/std@0.122.0/path/_interface.ts": "1fa73b02aaa24867e481a48492b44f2598cd9dfa513c7b34001437007d3642e4",
    "https://deno.land/std@0.122.0/path/_util.ts": "2e06a3b9e79beaf62687196bd4b60a4c391d862cfa007a20fc3a39f778ba073b",
    "https://deno.land/std@0.122.0/path/common.ts": "f41a38a0719a1e85aa11c6ba3bea5e37c15dd009d705bd8873f94c833568cbc4",
    "https://deno.land/std@0.122.0/path/glob.ts": "7bf2349e818e332a830f3d8874c3f45dd7580b6c742ed50dbf6282d84ab18405",
    "https://deno.land/std@0.122.0/path/mod.ts": "4465dc494f271b02569edbb4a18d727063b5dbd6ed84283ff906260970a15d12",
    "https://deno.land/std@0.122.0/path/posix.ts": "34349174b9cd121625a2810837a82dd8b986bbaaad5ade690d1de75bbb4555b2",
    "https://deno.land/std@0.122.0/path/separator.ts": "8fdcf289b1b76fd726a508f57d3370ca029ae6976fcde5044007f062e643ff1c",
    "https://deno.land/std@0.122.0/path/win32.ts": "11549e8c6df8307a8efcfa47ad7b2a75da743eac7d4c89c9723a944661c8bd2e",
    "https://deno.land/std@0.168.0/_util/asserts.ts": "d0844e9b62510f89ce1f9878b046f6a57bf88f208a10304aab50efcb48365272",
    "https://deno.land/std@0.168.0/bytes/bytes_list.ts": "aba5e2369e77d426b10af1de0dcc4531acecec27f9b9056f4f7bfbf8ac147ab4",
    "https://deno.land/std@0.168.0/bytes/concat.ts": "97a1274e117510ffffc9499c4debb9541e408732bab2e0ca624869ae13103c10",
    "https://deno.land/std@0.168.0/bytes/copy.ts": "d14a58f188a997ee0d2ba696d0c82a42f4fb4b6705e90a4238b77d7644dae24c",
    "https://deno.land/std@0.168.0/io/buf_reader.ts": "6c0eb067040a9931be2d24de50f56e67b10e3ff69d5344575df06caddf551417",
    "https://deno.land/std@0.168.0/io/buf_writer.ts": "b1ee5325cec3386596c67b1c7510bfc7e42b2f505060fe2e9d6536cdefdbb30c",
    "https://deno.land/std@0.168.0/io/buffer.ts": "04e4d9a7bffffeddd75df7da795001871857d83f8e7772e6a3eee9d174f33d38",
    "https://deno.land/std@0.168.0/io/read_delim.ts": "6bff17d31730eeab402633ee53701ac16e7b575a343c432acf7bd61bd649fd05",
    "https://deno.land/std@0.168.0/io/read_lines.ts": "51e2841394effe1473f588de2a87d62b1c2deb63ce869115506324e228f9e67b",
    "https://deno.land/std@0.168.0/io/read_string_delim.ts": "70b20eebd853269252d4a833834a2677b711f216842709d11005ba291d822a0a",
    "https://deno.land/std@0.168.0/io/types.d.ts": "790d3a3fa6b7f298d4cfbcf8bfd9d4be595c1b1acaa3eebb3009177df98bf93c",
    "https://deno.land/std@0.168.0/streams/_common.ts": "a931bdab61de705bbfeda25d7bcf8e6edbba37492f90737b3c2889604313df46",
    "https://deno.land/std@0.168.0/streams/conversion.ts": "2d2127a08be7ba28ef26c6ff1b2fec442109e5aac09c79cbe36fb0883d51645f",
    "https://deno.land/std@0.168.0/streams/copy.ts": "9a972a4befee3306095e9bb058a5a4d73b681df6ca088d7209f9a0736271aadc",
    "https://deno.land/std@0.168.0/streams/iterate_reader.ts": "26adde791b4206a8abbbd6365a8845b88aef396c1fd642066ec8e8480675e6a1",
    "https://deno.land/std@0.168.0/streams/read_all.ts": "52c733b63ca52af7d78326228529d7d629d5b3bb7c34c0a0261b5a6ecc209e73",
    "https://deno.land/std@0.168.0/streams/readable_stream_from_iterable.ts": "eaa03bf3b7fbffa665d3d9c30435dcce3437c67559f97eaccc58995d3efcf8cd",
    "https://deno.land/std@0.168.0/streams/readable_stream_from_reader.ts": "fa1e01839d214826a1547f108f2858d9f97b267ccf2523bf08c6db3e07ae3124",
    "https://deno.land/std@0.168.0/streams/reader_from_iterable.ts": "91ebe9cfed2422b7193e222e3479d31f7906171df4f94e0d8df35877b9d15e69",
    "https://deno.land/std@0.168.0/streams/reader_from_stream_reader.ts": "88043a2b2932443e1b5133264283ded6872bec0604d4e69235ebf73e5e9ddde3",
    "https://deno.land/std@0.168.0/streams/to_transform_stream.ts": "f3fea34e2d338d9022079d2e756a834b4c233758ad2bcdb43ace326b06c8d36c",
    "https://deno.land/std@0.168.0/streams/writable_stream_from_writer.ts": "ae8daf9f524c449485235900746d195c4d845bb452aed679e67288a9b6848f3b",
    "https://deno.land/std@0.168.0/streams/write_all.ts": "7525aa90e34a2bb56d094403ad9c0e31e7db87a47cb556e6dc0404e6deca084c",
    "https://deno.land/std@0.168.0/streams/writer_from_stream_writer.ts": "eee7964dc30acc74a02fc52f98f3a4fd46d1382d7897859b21eeebbd0a754ec6",
    "https://deno.land/std@0.61.0/_util/assert.ts": "e1f76e77c5ccb5a8e0dbbbe6cce3a56d2556c8cb5a9a8802fc9565af72462149",
    "https://deno.land/std@0.61.0/_util/has_own_property.ts": "91a2ef2fae5d941643a6472b97cac7ed8060a96deb66f4fafb4a2750c8af18e5",
    "https://deno.land/std@0.61.0/async/deferred.ts": "ac95025f46580cf5197928ba90995d87f26e202c19ad961bc4e3177310894cdc",
    "https://deno.land/std@0.61.0/async/delay.ts": "35957d585a6e3dd87706858fb1d6b551cb278271b03f52c5a2cb70e65e00c26a",
    "https://deno.land/std@0.61.0/async/mod.ts": "bf46766747775d0fc4070940d20d45fb311c814989485861cdc8a8ef0e3bbbab",
    "https://deno.land/std@0.61.0/async/mux_async_iterator.ts": "f6ca1b70f05e3cb676956d70a3230c99925288cf67e4e0b0bbaf34759b41945b",
    "https://deno.land/std@0.61.0/bytes/mod.ts": "b1a149ac741728db00bda9ce1a2d044f248edd5ac95e708a6cc501bfd3adb4a7",
    "https://deno.land/std@0.61.0/encoding/utf8.ts": "8654fa820aa69a37ec5eb11908e20b39d056c9bf1c23ab294303ff467f3d50a1",
    "https://deno.land/std@0.61.0/fmt/colors.ts": "06444b6ebc3842a4b2340d804bfa81fc5452a03513cbb81bd7f6bf8f4b8f3ac4",
    "https://deno.land/std@0.61.0/hash/sha1.ts": "c1a97bde767b98b88495470f39c30c37e44ac3984409f120ef65fd84c9d27608",
    "https://deno.land/std@0.61.0/hash/sha256.ts": "1aedfb09bcb067929de6ad78f3b074b802ec94ec96c8a07b80475d90942cb221",
    "https://deno.land/std@0.61.0/http/_io.ts": "7a31bf7d0167685d8d0ff4eca93b558cd26539695d1ddbd715ee28bf1dc7db17",
    "https://deno.land/std@0.61.0/http/http_status.ts": "0ecc0799a208f49452023b1b927106ba5a2c13cc6cf6666345db028239d554ab",
    "https://deno.land/std@0.61.0/http/server.ts": "3bae933acb2645d863f0f87a91070d2478ad24b828ce27936711377426896b29",
    "https://deno.land/std@0.61.0/io/bufio.ts": "dd1fc575524fe8b44e128091ba0e6833be7d0966336ef12a407544440b762e17",
    "https://deno.land/std@0.61.0/io/ioutil.ts": "9f434a266181e6bd03ff1cd4d30163637655422f26d147c397d9305b904cb40d",
    "https://deno.land/std@0.61.0/path/_constants.ts": "e11f32a36644e04dce243f3c1f30c02cc5d149827f48a755628176f0707cfc70",
    "https://deno.land/std@0.61.0/path/_globrex.ts": "696996deed47bd98fcab9de0034233380ead443a5cd702631151c6a71e3d21a2",
    "https://deno.land/std@0.61.0/path/_interface.ts": "5876f91d35fd42624893a4aaddaee352144e1f46e719f1dde6511bab7c3c1029",
    "https://deno.land/std@0.61.0/path/_util.ts": "76f73f9b4a994e2859e9d4544cfc34f0ff21b48893c65023025e572c21a43542",
    "https://deno.land/std@0.61.0/path/common.ts": "e4ec66a7416d56f60331b66e27a8a4f08c7b1cf48e350271cb69754a01cf5c04",
    "https://deno.land/std@0.61.0/path/glob.ts": "ff5c4d04d643083dc5c8a46da83b8c836934155c2a7ad72675c43092b2a435ea",
    "https://deno.land/std@0.61.0/path/mod.ts": "6de8885c2534757097818e302becd1cefcbc4c28ac022cc279e612ee04e8cfd1",
    "https://deno.land/std@0.61.0/path/posix.ts": "2ed477953d037fd42d077822e6db0adaa8dcc4ce1cfbb673b0a49ce1c1c301ff",
    "https://deno.land/std@0.61.0/path/separator.ts": "9dd15d46ff84a16e13554f56af7fee1f85f8d0f379efbbe60ac066a60561f036",
    "https://deno.land/std@0.61.0/path/win32.ts": "e4f0b577346f0936d92b6473369248773db217ce385295024a6875e559376e43",
    "https://deno.land/std@0.61.0/testing/asserts.ts": "e12228748a139acfbf00c3ef6022fefd9fc265d7c2034368bad2cd80099c76df",
    "https://deno.land/std@0.61.0/testing/diff.ts": "77338e2b479626c096278d7b4a95f750753ee39558f314db6b794e8d8a98d515",
    "https://deno.land/std@0.61.0/textproto/mod.ts": "ee6bad9818d3fb44ecb2e0bbf9fc5b6a871fb332145800c54f732bf805dddff2",
    "https://deno.land/std@0.61.0/ws/mod.ts": "7063b3f6b9fcd4ef766c35b0588c85c4160999ef70a4cef92377d709848d8b52",
    "https://deno.land/std@0.62.0/_util/assert.ts": "e1f76e77c5ccb5a8e0dbbbe6cce3a56d2556c8cb5a9a8802fc9565af72462149",
    "https://deno.land/std@0.62.0/fmt/colors.ts": "eb606cfb06e3f03a0222f09768a9701de2dd31c1fc8fa3a939137792a472962a",
    "https://deno.land/std@0.62.0/hash/sha1.ts": "a887e14efc6c8d17b062647dc5eff07b8d8ed446eb7f994d69ae0e808db31e65",
    "https://deno.land/std@0.62.0/http/http_status.ts": "0ecc0799a208f49452023b1b927106ba5a2c13cc6cf6666345db028239d554ab",
    "https://deno.land/std@0.62.0/node/_util/_util_callbackify.ts": "50f980fafc0b12172ba53b26036835f55dd3296b46556a227f8616b0682179e0",
    "https://deno.land/std@0.62.0/node/_util/_util_promisify.ts": "35f7b8a4123d3a44b1aa349ada9b671fb096cb1144520482767ed72a8799708f",
    "https://deno.land/std@0.62.0/node/_util/_util_types.ts": "217a4c1055289f25d1dc9097638aeeb7662136d34e6f49df5f27038872dc8d6f",
    "https://deno.land/std@0.62.0/node/_utils.ts": "786b4f364609c8066dda897a9557d00c2a3a48e884ad734549c2ced692509d97",
    "https://deno.land/std@0.62.0/node/util.ts": "2399b5b640683221cdab13ac94e0c16d62f74d5ba80ef2313aed731a9b0ab1d4",
    "https://deno.land/std@0.62.0/testing/asserts.ts": "1e9f87e0ecc456caa00a95f3345c5a7aeea0a4bf25c443a54341d9f6e36e5edf",
    "https://deno.land/std@0.62.0/testing/diff.ts": "b685fb818c3527f0890628711934863672de2e94f01db421731654243f1eac8f",
    "https://deno.land/std@0.62.0/uuid/_common.ts": "6fd4cb11fb959d6181fe91e7e0be77a91a0aee4dfea5fbc6cb768f1b56404298",
    "https://deno.land/std@0.62.0/uuid/mod.ts": "3b37d4e0e75891caa5c63c79dedb68a5f449b6c4e9f57ec4e57e385099674030",
    "https://deno.land/std@0.62.0/uuid/v1.ts": "67dbf98aa6378ee2fa5d4c9758df5c6f7fc9680ee32e245a197a42bbf42c7afa",
    "https://deno.land/std@0.62.0/uuid/v4.ts": "6452fea17180252ba181f93be2b35ddccb156130f2d07c5539f097b6a172f7ee",
    "https://deno.land/std@0.62.0/uuid/v5.ts": "eb1a657916f9d7bc88e216cd9f7d23b30c5eee46915a2df14bc6ac392e21bbca",
    "https://deno.land/std@0.65.0/_util/assert.ts": "e1f76e77c5ccb5a8e0dbbbe6cce3a56d2556c8cb5a9a8802fc9565af72462149",
    "https://deno.land/std@0.65.0/bytes/mod.ts": "b1a149ac741728db00bda9ce1a2d044f248edd5ac95e708a6cc501bfd3adb4a7",
    "https://deno.land/std@0.65.0/fmt/colors.ts": "eb606cfb06e3f03a0222f09768a9701de2dd31c1fc8fa3a939137792a472962a",
    "https://deno.land/std@0.65.0/fs/exists.ts": "5429dce6587bfcdde06a7a2a1fd5ad932c17d74ca082e67934fa646cff1d2e57",
    "https://deno.land/std@0.65.0/io/bufio.ts": "e76c5b7bf978a638aae6f62b87efde3ab7203b85902ce9b84ac8388c8c2bb104",
    "https://deno.land/std@0.65.0/log/handlers.ts": "2c4fb9dca841efb551aac78dcb64db410ca4c4e7878aff2b49806d4a95621447",
    "https://deno.land/std@0.65.0/log/levels.ts": "d274b41f2dc909c6eef4e71c8a50ccbc81ea4e1df28cb268f02942966a205593",
    "https://deno.land/std@0.65.0/log/logger.ts": "06ce6723bff211503445dc7ee496031edb54eb7c52cb7b926045c701c3be0cdc",
    "https://deno.land/std@0.65.0/log/mod.ts": "1bbc5f0e5edb0743e9eef27ee52c6019ebdf981a925a674b164a8f9d8728301e",
    "https://deno.land/x/appwrite@0.0.2/mod.ts": "d7f7a739c348cf8d7f3597d4c0cc5e1aa5123c5e86d78a05b3c77ad1908b1e59",
    "https://deno.land/x/appwrite@0.0.2/src/client.ts": "cb16291d51c4429cb865a7da202e6de872a23449ac5c06c98bab9d04fda1d0fb",
    "https://deno.land/x/appwrite@0.0.2/src/service.ts": "71aaf30035d750fe60a63be80353a91261749075ad7691fa6a89b711e20184fb",
    "https://deno.land/x/appwrite@0.0.2/src/services/avatars.ts": "502d2cfe90910eae4798a1304270b8d58d42df6bf793fd62ef3bd51b136997ac",
    "https://deno.land/x/appwrite@0.0.2/src/services/database.ts": "f5d308235772ac1b700ca6d8dc165c71f02279be7389fc1e55b6f3d4a219edae",
    "https://deno.land/x/appwrite@0.0.2/src/services/health.ts": "76943da89d7da02fa281a7a8fe5bf88c09cab7e792e63589e3a74e754f97472f",
    "https://deno.land/x/appwrite@0.0.2/src/services/locale.ts": "de21420f0169a641cc0512f815cf004fed29c735d6063ca5e9d52e87ac71d780",
    "https://deno.land/x/appwrite@0.0.2/src/services/storage.ts": "6f8fd53e9cafcd9b3f1a95a2d375964bf896eb1241c781831e5b6131920bbdb7",
    "https://deno.land/x/appwrite@0.0.2/src/services/teams.ts": "49c4197c1f5d24c114d2521344b7ac7f09d9490e9a50d4310dee9ab5fc6c7480",
    "https://deno.land/x/appwrite@0.0.2/src/services/users.ts": "52dc3a97a4e3d8645f7d7b800affcf1e5c626c97e6da5fc63004bf3e09edcadf",
    "https://deno.land/x/appwrite@6.1.0/mod.ts": "9ab953d6207a6dfab106ace37a776b484fa3841de24ea4b30d32a7589166e809",
    "https://deno.land/x/appwrite@6.1.0/src/client.ts": "dd4924fdec82546cd40e7fabbab548275d61f3b25e20d759a58ddbdc575a3e33",
    "https://deno.land/x/appwrite@6.1.0/src/exception.ts": "338a0c3626d227bf20720bec21614279dd68a6dd490e684e172ae7aa796d2442",
    "https://deno.land/x/appwrite@6.1.0/src/id.ts": "a531d617318442a0b32c84adf63f07c8693c3268327ed157ce35efe9bc8aa909",
    "https://deno.land/x/appwrite@6.1.0/src/inputFile.ts": "0b2a19581ae6e8003fbe714f1702879c2de0c84cf1358055a15b4dcccbb5fa4a",
    "https://deno.land/x/appwrite@6.1.0/src/models.d.ts": "8839a7e72609c3b0dd4b337028f52a32752b501cd709dd04ac6e465098bf5048",
    "https://deno.land/x/appwrite@6.1.0/src/permission.ts": "3aeba3d58059ae762ebfd75bf82c7b8bf1e75a28f105f6cfd6d650d300c2308d",
    "https://deno.land/x/appwrite@6.1.0/src/query.ts": "bba0fab45db51684c5afbb49ad9422b555ac4429cd9a7756757da4cedece00fe",
    "https://deno.land/x/appwrite@6.1.0/src/role.ts": "53e21c467c8c8ff51d1d5e09422d3d824a3ab8fedb8715d4fa5bc1fd6019a6f0",
    "https://deno.land/x/appwrite@6.1.0/src/service.ts": "4a8227462b0e6af12956a0f9573c6360582a38cc3eb215bd480e50e398ff69d3",
    "https://deno.land/x/appwrite@6.1.0/src/services/account.ts": "a0367345f9de21c8a3712cc88b3a506c8c67b3db9f60eda198c4dfaeedb2d533",
    "https://deno.land/x/appwrite@6.1.0/src/services/avatars.ts": "9ac76ac2e04e70cbca81540f429c3357fe6c80ee00034c07caf624bf264ffed1",
    "https://deno.land/x/appwrite@6.1.0/src/services/databases.ts": "bf736923b677841eb0e6476d2749a46067f6171c16b3b9b65b0053876d4394f0",
    "https://deno.land/x/appwrite@6.1.0/src/services/functions.ts": "1fbc0be4457d6572ac830f53ca055858ba1165029dc7fb721a20367c53b001f3",
    "https://deno.land/x/appwrite@6.1.0/src/services/health.ts": "493846ae46a269e28d0b10126fb55bceedc06c5148ce5419a0a47f20da003f00",
    "https://deno.land/x/appwrite@6.1.0/src/services/locale.ts": "d08bcefae2fda36816804dde68d9373240a178343a03a791a0bea2b41448fc01",
    "https://deno.land/x/appwrite@6.1.0/src/services/storage.ts": "204c5ff9f3c31c03382aa2cd57762fc10ea968d6b0ac152f2685e867111d5c25",
    "https://deno.land/x/appwrite@6.1.0/src/services/teams.ts": "eb3f6e5d3f869cb1deb4a3a26cf2a21e05bddf0c8de3fe0af25433acdf00c420",
    "https://deno.land/x/appwrite@6.1.0/src/services/users.ts": "44b682ce0205e216c8294b48554ff43c12f4bcacb33a40057480164a3f1ea69c",
    "https://deno.land/x/dotenv@v3.2.0/mod.ts": "077b48773de9205266a0b44c3c3a3c3083449ed64bb0b6cc461b95720678d38e",
    "https://deno.land/x/dotenv@v3.2.0/util.ts": "693730877b13f8ead2b79b2aa31e2a0652862f7dc0c5f6d2f313f4d39c7b7670",
    "https://deno.land/x/media_types@v2.4.2/db.ts": "56a9deab286b6283e1df021d74ee3319353f27f7827716b6443427fff2fc6e24",
    "https://deno.land/x/media_types@v2.4.2/deps.ts": "e9b3da67c55907c7206abff65b36be9d483089c3c33385994a6507a35a8d769c",
    "https://deno.land/x/media_types@v2.4.2/mod.ts": "94141d7c415fcdad350fec9d36d77c18334efe25766db6f37d34709c896881ed",
    "https://deno.land/x/mixins@v0.5.0/apply.ts": "e350bf3227803e0797e31b3c7c23b27d69ed864c7786e95a2b2be2d9eca53395",
    "https://deno.land/x/mock@v0.5.1/deps/udibo/mixins/apply.ts": "dabada418e70edeb66cef790097dbd62f7c14aa2abef0954d502528407deafce",
    "https://deno.land/x/mock@v0.5.1/spy.ts": "c84ad7bf1e0fff2100ef3212c0184aaae7e101de4afac396de437fa171662ad7",
    "https://deno.land/x/oak@v6.0.1/application.ts": "545b6e1d00803fecab14f32c4e3dfda919c97d5ef674a3cd1f9cf2f555494beb",
    "https://deno.land/x/oak@v6.0.1/body.ts": "18497f073a789f4d84625b8b697b3c1257743902fc8d2fe82e1a37f5bb0a63c4",
    "https://deno.land/x/oak@v6.0.1/buf_reader.ts": "ced6a04ac8f529a18e1e85182ffe0cf82ee9477e1a8f5441a02e923f62bebc54",
    "https://deno.land/x/oak@v6.0.1/content_disposition.ts": "1504bb85669e6c7e6dd30210fa7e73c55aa40195ed40a090f4ad58568c2b9882",
    "https://deno.land/x/oak@v6.0.1/context.ts": "506f2c42657becf9a45ffb02efc6d131eb55f2364950c0ce209d9272586c3711",
    "https://deno.land/x/oak@v6.0.1/cookies.ts": "af291cb64ae0ccc40e6d777980d89d694e971131222130b1b11e9200b9cae6f1",
    "https://deno.land/x/oak@v6.0.1/deps.ts": "32e5f78f1035a3cc95930f07b062c7bc78a2df0fc2bea3bf4caaf9fd615f4268",
    "https://deno.land/x/oak@v6.0.1/headers.ts": "3fcd4efee596dc8a22f37ba9b96e6d4e277b1f9c2b9994be5af14761d99afe90",
    "https://deno.land/x/oak@v6.0.1/helpers.ts": "ffc907c49368dcbe591f0bfee122a354b3a66def9621de48e06bbbdefe913b3d",
    "https://deno.land/x/oak@v6.0.1/httpError.ts": "7e09654eb5e0843beca87934b9fea7a8af79f9da0cd15c220197e7c619a96708",
    "https://deno.land/x/oak@v6.0.1/isMediaType.ts": "77b94675822d7de7f6af21bb765ed9f25b956c7ac4d292dd66c2ecb9ea9478e5",
    "https://deno.land/x/oak@v6.0.1/keyStack.ts": "a490066c90cbfea6b7de73303b9530e68ffbe86ff48b99ff17dab1cc9cf0751f",
    "https://deno.land/x/oak@v6.0.1/mediaTyper.ts": "042b853fc8e9c3f6c628dd389e03ef481552bf07242efc3f8a1af042102a6105",
    "https://deno.land/x/oak@v6.0.1/middleware.ts": "024640237d616319c964524412cfd3b2add6c88c6cb05468b09b459121cacc19",
    "https://deno.land/x/oak@v6.0.1/mod.ts": "948cbd62197a8b73449d553b599794af7ed5e94964105d20f89e91db87f2c966",
    "https://deno.land/x/oak@v6.0.1/multipart.ts": "b79a61ea535c308c81e3ef5b60e9aa3c0b9ebcd6cad55d8c8f2ac852247fb927",
    "https://deno.land/x/oak@v6.0.1/negotiation/charset.ts": "b4c2e0c49dd5122f130f95bf29508448d983c424801b5bc304b00288b5ae3195",
    "https://deno.land/x/oak@v6.0.1/negotiation/common.ts": "f54d599d37408005f8c565d0f6505de51fed31feaa3654a7758e2359c006b02c",
    "https://deno.land/x/oak@v6.0.1/negotiation/encoding.ts": "b6b351150dfaa37d43c1e4679f0afa7ee70c2fa775d8bc8b9e9baf15bcf65888",
    "https://deno.land/x/oak@v6.0.1/negotiation/language.ts": "62ef13ea3146538dd52a4666611bd423ebb9a6438e7312398e17a4d16dbafb51",
    "https://deno.land/x/oak@v6.0.1/negotiation/mediaType.ts": "7e25cc34600beea3bf0b0879ff1783c752260fcb517dffea2e122830c36e8451",
    "https://deno.land/x/oak@v6.0.1/request.ts": "4e4c8b9b7b0b9c01730299078fe61613a1d0ab800e56656cabb339a013dbc5e7",
    "https://deno.land/x/oak@v6.0.1/response.ts": "5cdbb5aa3a040e4dba2995c69f129148b3f05cbf41fdb1b305306034b75b19e6",
    "https://deno.land/x/oak@v6.0.1/router.ts": "a6953bf13592a65b154a9b64cc6b1fe73f273432f92786d013dc670b4631dec1",
    "https://deno.land/x/oak@v6.0.1/send.ts": "3f937db7cbf2643ca8792b30b37400a57457385efa4a3cea6f484dd0c33b2877",
    "https://deno.land/x/oak@v6.0.1/server_sent_event.ts": "9a70da986c367c4689a6d3c8e9015e883ff0a1d6b0d451e20b9caf0c6a01cae5",
    "https://deno.land/x/oak@v6.0.1/tssCompare.ts": "bb88898156aad3157c30eebf87bc7312a2099f099c135090a937734fd8a15978",
    "https://deno.land/x/oak@v6.0.1/types.d.ts": "635b03a2620763bcaded852888c319ed34b80a76a16e0b28e6670ffe93630338",
    "https://deno.land/x/oak@v6.0.1/util.ts": "4db758c7ebc4902d79df495cc0c9aec3199f437d8fb190650703508dd7356ab6",
    "https://raw.githubusercontent.com/liamtan28/dactyl/master/application.ts": "6efd9bb68fbd534392177ddc7b322da1e234efdad105261c531f7ed2823a2d34",
    "https://raw.githubusercontent.com/liamtan28/dactyl/master/arg.ts": "e24dc8af3642f7cc331f9000578dc4a567aaac74e2b1d2a421e570e8d455fceb",
    "https://raw.githubusercontent.com/liamtan28/dactyl/master/before.ts": "3482e2c9b093d92e8265479c7eec02e66a21eadf9df74ab0384207fbaee1ad22",
    "https://raw.githubusercontent.com/liamtan28/dactyl/master/controller.ts": "95771532db8d23161b03b8150d98bf5097b4e54bf12ce0395507ca7efee6bf59",
    "https://raw.githubusercontent.com/liamtan28/dactyl/master/dependency_container.ts": "38ae90708a14d172111b7916e29c6abe2541d2eeea14966c079d4f4ab09fa7b4",
    "https://raw.githubusercontent.com/liamtan28/dactyl/master/deps.ts": "4a2a6d7991b4d9f648850ca178e26a31c12c0b4bb0017a0816a13506f4695b66",
    "https://raw.githubusercontent.com/liamtan28/dactyl/master/execution_container.ts": "77ece3d604cec7ee4df0e7784c7efc55f02ddaf8cc57d6b2acac09f5d0e0c662",
    "https://raw.githubusercontent.com/liamtan28/dactyl/master/http_exception.ts": "0948446d21708489a882d3b420dbe585b2a75858a7f24c49e4ca2afa10a9335e",
    "https://raw.githubusercontent.com/liamtan28/dactyl/master/http_status.ts": "2a68de8a7697995e4ae9b7282905ff2b38288a569abcfc38f218fec0c6830cd0",
    "https://raw.githubusercontent.com/liamtan28/dactyl/master/injection.ts": "20bf8924893fbdfb2c45b2fc5a6c6df0b19c88b0c3f03c561ba36c9a5ca358d0",
    "https://raw.githubusercontent.com/liamtan28/dactyl/master/lib/reflect.ts": "07548515636fe26b4dd6d4819a134b60db672a8a56c4228f48ed153c7d480c95",
    "https://raw.githubusercontent.com/liamtan28/dactyl/master/metadata.ts": "bfec2964014a088d3a3c0753fe6fed966f39e350611dd33d3c55b86ca9423367",
    "https://raw.githubusercontent.com/liamtan28/dactyl/master/method.ts": "19be41c688c564c6d3134c006fb37d0d49bd959c6a340387cd9e7965680d4053",
    "https://raw.githubusercontent.com/liamtan28/dactyl/master/middleware.ts": "4b7a7a4fda161860d0a7dc3d4373a9dfad3576f9f28860a020186c0791bfdde5",
    "https://raw.githubusercontent.com/liamtan28/dactyl/master/mod.ts": "6524e35f7eda320223cbef054616840af9f000d14c318d4a4f8a08e4d66f0ade",
    "https://raw.githubusercontent.com/liamtan28/dactyl/master/router.ts": "54742f038af52c1a080b63bfd083c85fa9801444abc5094104261c29a469b7b4",
    "https://raw.githubusercontent.com/liamtan28/dactyl/master/transform.ts": "157210184ea20ec9abb32df39f5eefaa1f5b8764e66e2dc1811141361fff527a",
    "https://raw.githubusercontent.com/liamtan28/dactyl/master/types.ts": "953fe745903e29e99e4f6a9d427522c1434b1803a3561ac3a6298360bd5cc5c0",
    "https://raw.githubusercontent.com/pillarjs/path-to-regexp/v6.1.0/src/index.ts": "8747ddaf85a761df4059cbc48a78cf710106f6b4c9d6932feb4d35120ac0990a"
  }
}
