{
  "version": "3",
  "packages": {
    "specifiers": {
      "jsr:@hono/hono@^4.5.3": "jsr:@hono/hono@4.5.3"
    },
    "jsr": {
      "@hono/hono@4.5.3": {
        "integrity": "429923b2b3c6586a1450862328d61a1346fee5841e8ae86c494250475057213c"
      }
    }
  },
  "remote": {},
  "workspace": {
    "packageJson": {
      "dependencies": [
        "npm:husky@^9.1.6",
        "npm:lint-staged@^15.2.10",
        "npm:turbo@^2.1.2"
      ]
    },
    "members": {
      "apps/server": {
        "dependencies": [
          "jsr:@hono/hono@^4.5.3"
        ]
      },
      "apps/web": {
        "packageJson": {
          "dependencies": [
            "npm:@pandacss/dev@^0.46.1",
            "npm:@types/node@^22.7.4",
            "npm:@vitejs/plugin-vue@^5.1.4",
            "npm:alova@^3.0.17",
            "npm:pinia@^2.2.3",
            "npm:typescript@^5.6.2",
            "npm:unplugin-vue-router@^0.10.8",
            "npm:vite@^5.4.8",
            "npm:vue-router@^4.4.5",
            "npm:vue-tsc@^2.1.6",
            "npm:vue@^3.5.10"
          ]
        }
      },
      "packages/biome-config": {
        "packageJson": {
          "dependencies": [
            "npm:@biomejs/biome@1.9.2"
          ]
        }
      }
    }
  }
}
