{
  "version": "3",
  "packages": {
    "specifiers": {
      "jsr:@hono/hono@^4.5.3": "jsr:@hono/hono@4.5.3"
    },
    "jsr": {
      "@hono/hono@4.5.3": {
        "integrity": "429923b2b3c6586a1450862328d61a1346fee5841e8ae86c494250475057213c"
      }
    }
  },
  "remote": {},
  "workspace": {
    "dependencies": [
      "jsr:@hono/hono@^4.5.3"
    ]
  }
}
